
Microsoft Visual Studio Solution File, Format Version 10.00
# Visual Studio 2008
Project("{8BC9CEB8-8B4A-11D0-8D11-00A0C91BC942}") = "Lab5", "Lab5\Lab5.vcproj", "{A4BB2AE2-1277-4DF6-8B66-543039FFC897}"
EndProject
Global
	GlobalSection(SolutionConfigurationPlatforms) = preSolution
		Debug|Win32 = Debug|Win32
		Release|Win32 = Release|Win32
	EndGlobalSection
	GlobalSection(ProjectConfigurationPlatforms) = postSolution
		{A4BB2AE2-1277-4DF6-8B66-543039FFC897}.Debug|Win32.ActiveCfg = Debug|Win32
		{A4BB2AE2-1277-4DF6-8B66-543039FFC897}.Debug|Win32.Build.0 = Debug|Win32
		{A4BB2AE2-1277-4DF6-8B66-543039FFC897}.Release|Win32.ActiveCfg = Release|Win32
		{A4BB2AE2-1277-4DF6-8B66-543039FFC897}.Release|Win32.Build.0 = Release|Win32
	EndGlobalSection
	GlobalSection(SolutionProperties) = preSolution
		HideSolutionNode = FALSE
	EndGlobalSection
EndGlobal
